
Microsoft Visual Studio Solution File, Format Version 12.00
# Visual Studio 14
VisualStudioVersion = 14.0.25420.1
MinimumVisualStudioVersion = 10.0.40219.1
Project("{D954291E-2A0B-460D-934E-DC6B0785DB48}") = "BaufestReintegros", "BaufestReintegros\BaufestReintegros\BaufestReintegros.shproj", "{3752889F-A47D-4C05-AC9D-7CB28BB9FB5E}"
EndProject
Project("{FAE04EC0-301F-11D3-BF4B-00C04F79EFBC}") = "BaufestReintegros.Droid", "BaufestReintegros\BaufestReintegros.Droid\BaufestReintegros.Droid.csproj", "{92E04388-E4DB-40A8-B3A1-33480BA63C2C}"
EndProject
Project("{FAE04EC0-301F-11D3-BF4B-00C04F79EFBC}") = "BaufestReintegros.iOS", "BaufestReintegros\BaufestReintegros.iOS\BaufestReintegros.iOS.csproj", "{FC86C300-95B8-4914-858B-559E12D83B50}"
EndProject
Global
	GlobalSection(SharedMSBuildProjectFiles) = preSolution
		BaufestReintegros\BaufestReintegros\BaufestReintegros.projitems*{3752889f-a47d-4c05-ac9d-7cb28bb9fb5e}*SharedItemsImports = 13
		BaufestReintegros\BaufestReintegros\BaufestReintegros.projitems*{92e04388-e4db-40a8-b3a1-33480ba63c2c}*SharedItemsImports = 4
		BaufestReintegros\BaufestReintegros\BaufestReintegros.projitems*{fc86c300-95b8-4914-858b-559e12d83b50}*SharedItemsImports = 4
	EndGlobalSection
	GlobalSection(SolutionConfigurationPlatforms) = preSolution
		Ad-Hoc|Any CPU = Ad-Hoc|Any CPU
		Ad-Hoc|ARM = Ad-Hoc|ARM
		Ad-Hoc|iPhone = Ad-Hoc|iPhone
		Ad-Hoc|iPhoneSimulator = Ad-Hoc|iPhoneSimulator
		Ad-Hoc|x64 = Ad-Hoc|x64
		Ad-Hoc|x86 = Ad-Hoc|x86
		AppStore|Any CPU = AppStore|Any CPU
		AppStore|ARM = AppStore|ARM
		AppStore|iPhone = AppStore|iPhone
		AppStore|iPhoneSimulator = AppStore|iPhoneSimulator
		AppStore|x64 = AppStore|x64
		AppStore|x86 = AppStore|x86
		Debug|Any CPU = Debug|Any CPU
		Debug|ARM = Debug|ARM
		Debug|iPhone = Debug|iPhone
		Debug|iPhoneSimulator = Debug|iPhoneSimulator
		Debug|x64 = Debug|x64
		Debug|x86 = Debug|x86
		Release|Any CPU = Release|Any CPU
		Release|ARM = Release|ARM
		Release|iPhone = Release|iPhone
		Release|iPhoneSimulator = Release|iPhoneSimulator
		Release|x64 = Release|x64
		Release|x86 = Release|x86
	EndGlobalSection
	GlobalSection(ProjectConfigurationPlatforms) = postSolution
		{92E04388-E4DB-40A8-B3A1-33480BA63C2C}.Ad-Hoc|Any CPU.ActiveCfg = Release|Any CPU
		{92E04388-E4DB-40A8-B3A1-33480BA63C2C}.Ad-Hoc|Any CPU.Build.0 = Release|Any CPU
		{92E04388-E4DB-40A8-B3A1-33480BA63C2C}.Ad-Hoc|Any CPU.Deploy.0 = Release|Any CPU
		{92E04388-E4DB-40A8-B3A1-33480BA63C2C}.Ad-Hoc|ARM.ActiveCfg = Release|Any CPU
		{92E04388-E4DB-40A8-B3A1-33480BA63C2C}.Ad-Hoc|ARM.Build.0 = Release|Any CPU
		{92E04388-E4DB-40A8-B3A1-33480BA63C2C}.Ad-Hoc|ARM.Deploy.0 = Release|Any CPU
		{92E04388-E4DB-40A8-B3A1-33480BA63C2C}.Ad-Hoc|iPhone.ActiveCfg = Release|Any CPU
		{92E04388-E4DB-40A8-B3A1-33480BA63C2C}.Ad-Hoc|iPhone.Build.0 = Release|Any CPU
		{92E04388-E4DB-40A8-B3A1-33480BA63C2C}.Ad-Hoc|iPhone.Deploy.0 = Release|Any CPU
		{92E04388-E4DB-40A8-B3A1-33480BA63C2C}.Ad-Hoc|iPhoneSimulator.ActiveCfg = Release|Any CPU
		{92E04388-E4DB-40A8-B3A1-33480BA63C2C}.Ad-Hoc|iPhoneSimulator.Build.0 = Release|Any CPU
		{92E04388-E4DB-40A8-B3A1-33480BA63C2C}.Ad-Hoc|iPhoneSimulator.Deploy.0 = Release|Any CPU
		{92E04388-E4DB-40A8-B3A1-33480BA63C2C}.Ad-Hoc|x64.ActiveCfg = Release|Any CPU
		{92E04388-E4DB-40A8-B3A1-33480BA63C2C}.Ad-Hoc|x64.Build.0 = Release|Any CPU
		{92E04388-E4DB-40A8-B3A1-33480BA63C2C}.Ad-Hoc|x64.Deploy.0 = Release|Any CPU
		{92E04388-E4DB-40A8-B3A1-33480BA63C2C}.Ad-Hoc|x86.ActiveCfg = Release|Any CPU
		{92E04388-E4DB-40A8-B3A1-33480BA63C2C}.Ad-Hoc|x86.Build.0 = Release|Any CPU
		{92E04388-E4DB-40A8-B3A1-33480BA63C2C}.Ad-Hoc|x86.Deploy.0 = Release|Any CPU
		{92E04388-E4DB-40A8-B3A1-33480BA63C2C}.AppStore|Any CPU.ActiveCfg = Release|Any CPU
		{92E04388-E4DB-40A8-B3A1-33480BA63C2C}.AppStore|Any CPU.Build.0 = Release|Any CPU
		{92E04388-E4DB-40A8-B3A1-33480BA63C2C}.AppStore|Any CPU.Deploy.0 = Release|Any CPU
		{92E04388-E4DB-40A8-B3A1-33480BA63C2C}.AppStore|ARM.ActiveCfg = Release|Any CPU
		{92E04388-E4DB-40A8-B3A1-33480BA63C2C}.AppStore|ARM.Build.0 = Release|Any CPU
		{92E04388-E4DB-40A8-B3A1-33480BA63C2C}.AppStore|ARM.Deploy.0 = Release|Any CPU
		{92E04388-E4DB-40A8-B3A1-33480BA63C2C}.AppStore|iPhone.ActiveCfg = Release|Any CPU
		{92E04388-E4DB-40A8-B3A1-33480BA63C2C}.AppStore|iPhone.Build.0 = Release|Any CPU
		{92E04388-E4DB-40A8-B3A1-33480BA63C2C}.AppStore|iPhone.Deploy.0 = Release|Any CPU
		{92E04388-E4DB-40A8-B3A1-33480BA63C2C}.AppStore|iPhoneSimulator.ActiveCfg = Release|Any CPU
		{92E04388-E4DB-40A8-B3A1-33480BA63C2C}.AppStore|iPhoneSimulator.Build.0 = Release|Any CPU
		{92E04388-E4DB-40A8-B3A1-33480BA63C2C}.AppStore|iPhoneSimulator.Deploy.0 = Release|Any CPU
		{92E04388-E4DB-40A8-B3A1-33480BA63C2C}.AppStore|x64.ActiveCfg = Release|Any CPU
		{92E04388-E4DB-40A8-B3A1-33480BA63C2C}.AppStore|x64.Build.0 = Release|Any CPU
		{92E04388-E4DB-40A8-B3A1-33480BA63C2C}.AppStore|x64.Deploy.0 = Release|Any CPU
		{92E04388-E4DB-40A8-B3A1-33480BA63C2C}.AppStore|x86.ActiveCfg = Release|Any CPU
		{92E04388-E4DB-40A8-B3A1-33480BA63C2C}.AppStore|x86.Build.0 = Release|Any CPU
		{92E04388-E4DB-40A8-B3A1-33480BA63C2C}.AppStore|x86.Deploy.0 = Release|Any CPU
		{92E04388-E4DB-40A8-B3A1-33480BA63C2C}.Debug|Any CPU.ActiveCfg = Debug|Any CPU
		{92E04388-E4DB-40A8-B3A1-33480BA63C2C}.Debug|Any CPU.Build.0 = Debug|Any CPU
		{92E04388-E4DB-40A8-B3A1-33480BA63C2C}.Debug|Any CPU.Deploy.0 = Debug|Any CPU
		{92E04388-E4DB-40A8-B3A1-33480BA63C2C}.Debug|ARM.ActiveCfg = Debug|Any CPU
		{92E04388-E4DB-40A8-B3A1-33480BA63C2C}.Debug|ARM.Build.0 = Debug|Any CPU
		{92E04388-E4DB-40A8-B3A1-33480BA63C2C}.Debug|ARM.Deploy.0 = Debug|Any CPU
		{92E04388-E4DB-40A8-B3A1-33480BA63C2C}.Debug|iPhone.ActiveCfg = Debug|Any CPU
		{92E04388-E4DB-40A8-B3A1-33480BA63C2C}.Debug|iPhone.Build.0 = Debug|Any CPU
		{92E04388-E4DB-40A8-B3A1-33480BA63C2C}.Debug|iPhone.Deploy.0 = Debug|Any CPU
		{92E04388-E4DB-40A8-B3A1-33480BA63C2C}.Debug|iPhoneSimulator.ActiveCfg = Debug|Any CPU
		{92E04388-E4DB-40A8-B3A1-33480BA63C2C}.Debug|iPhoneSimulator.Build.0 = Debug|Any CPU
		{92E04388-E4DB-40A8-B3A1-33480BA63C2C}.Debug|iPhoneSimulator.Deploy.0 = Debug|Any CPU
		{92E04388-E4DB-40A8-B3A1-33480BA63C2C}.Debug|x64.ActiveCfg = Debug|Any CPU
		{92E04388-E4DB-40A8-B3A1-33480BA63C2C}.Debug|x64.Build.0 = Debug|Any CPU
		{92E04388-E4DB-40A8-B3A1-33480BA63C2C}.Debug|x64.Deploy.0 = Debug|Any CPU
		{92E04388-E4DB-40A8-B3A1-33480BA63C2C}.Debug|x86.ActiveCfg = Debug|Any CPU
		{92E04388-E4DB-40A8-B3A1-33480BA63C2C}.Debug|x86.Build.0 = Debug|Any CPU
		{92E04388-E4DB-40A8-B3A1-33480BA63C2C}.Debug|x86.Deploy.0 = Debug|Any CPU
		{92E04388-E4DB-40A8-B3A1-33480BA63C2C}.Release|Any CPU.ActiveCfg = Release|Any CPU
		{92E04388-E4DB-40A8-B3A1-33480BA63C2C}.Release|Any CPU.Build.0 = Release|Any CPU
		{92E04388-E4DB-40A8-B3A1-33480BA63C2C}.Release|Any CPU.Deploy.0 = Release|Any CPU
		{92E04388-E4DB-40A8-B3A1-33480BA63C2C}.Release|ARM.ActiveCfg = Release|Any CPU
		{92E04388-E4DB-40A8-B3A1-33480BA63C2C}.Release|ARM.Build.0 = Release|Any CPU
		{92E04388-E4DB-40A8-B3A1-33480BA63C2C}.Release|ARM.Deploy.0 = Release|Any CPU
		{92E04388-E4DB-40A8-B3A1-33480BA63C2C}.Release|iPhone.ActiveCfg = Release|Any CPU
		{92E04388-E4DB-40A8-B3A1-33480BA63C2C}.Release|iPhone.Build.0 = Release|Any CPU
		{92E04388-E4DB-40A8-B3A1-33480BA63C2C}.Release|iPhone.Deploy.0 = Release|Any CPU
		{92E04388-E4DB-40A8-B3A1-33480BA63C2C}.Release|iPhoneSimulator.ActiveCfg = Release|Any CPU
		{92E04388-E4DB-40A8-B3A1-33480BA63C2C}.Release|iPhoneSimulator.Build.0 = Release|Any CPU
		{92E04388-E4DB-40A8-B3A1-33480BA63C2C}.Release|iPhoneSimulator.Deploy.0 = Release|Any CPU
		{92E04388-E4DB-40A8-B3A1-33480BA63C2C}.Release|x64.ActiveCfg = Release|Any CPU
		{92E04388-E4DB-40A8-B3A1-33480BA63C2C}.Release|x64.Build.0 = Release|Any CPU
		{92E04388-E4DB-40A8-B3A1-33480BA63C2C}.Release|x64.Deploy.0 = Release|Any CPU
		{92E04388-E4DB-40A8-B3A1-33480BA63C2C}.Release|x86.ActiveCfg = Release|Any CPU
		{92E04388-E4DB-40A8-B3A1-33480BA63C2C}.Release|x86.Build.0 = Release|Any CPU
		{92E04388-E4DB-40A8-B3A1-33480BA63C2C}.Release|x86.Deploy.0 = Release|Any CPU
		{FC86C300-95B8-4914-858B-559E12D83B50}.Ad-Hoc|Any CPU.ActiveCfg = Ad-Hoc|iPhone
		{FC86C300-95B8-4914-858B-559E12D83B50}.Ad-Hoc|ARM.ActiveCfg = Ad-Hoc|iPhone
		{FC86C300-95B8-4914-858B-559E12D83B50}.Ad-Hoc|iPhone.ActiveCfg = Ad-Hoc|iPhone
		{FC86C300-95B8-4914-858B-559E12D83B50}.Ad-Hoc|iPhone.Build.0 = Ad-Hoc|iPhone
		{FC86C300-95B8-4914-858B-559E12D83B50}.Ad-Hoc|iPhoneSimulator.ActiveCfg = Ad-Hoc|iPhoneSimulator
		{FC86C300-95B8-4914-858B-559E12D83B50}.Ad-Hoc|iPhoneSimulator.Build.0 = Ad-Hoc|iPhoneSimulator
		{FC86C300-95B8-4914-858B-559E12D83B50}.Ad-Hoc|x64.ActiveCfg = Ad-Hoc|iPhone
		{FC86C300-95B8-4914-858B-559E12D83B50}.Ad-Hoc|x86.ActiveCfg = Ad-Hoc|iPhone
		{FC86C300-95B8-4914-858B-559E12D83B50}.AppStore|Any CPU.ActiveCfg = AppStore|iPhone
		{FC86C300-95B8-4914-858B-559E12D83B50}.AppStore|ARM.ActiveCfg = AppStore|iPhone
		{FC86C300-95B8-4914-858B-559E12D83B50}.AppStore|iPhone.ActiveCfg = AppStore|iPhone
		{FC86C300-95B8-4914-858B-559E12D83B50}.AppStore|iPhone.Build.0 = AppStore|iPhone
		{FC86C300-95B8-4914-858B-559E12D83B50}.AppStore|iPhoneSimulator.ActiveCfg = AppStore|iPhoneSimulator
		{FC86C300-95B8-4914-858B-559E12D83B50}.AppStore|iPhoneSimulator.Build.0 = AppStore|iPhoneSimulator
		{FC86C300-95B8-4914-858B-559E12D83B50}.AppStore|x64.ActiveCfg = AppStore|iPhone
		{FC86C300-95B8-4914-858B-559E12D83B50}.AppStore|x86.ActiveCfg = AppStore|iPhone
		{FC86C300-95B8-4914-858B-559E12D83B50}.Debug|Any CPU.ActiveCfg = Debug|iPhone
		{FC86C300-95B8-4914-858B-559E12D83B50}.Debug|ARM.ActiveCfg = Debug|iPhone
		{FC86C300-95B8-4914-858B-559E12D83B50}.Debug|iPhone.ActiveCfg = Debug|iPhone
		{FC86C300-95B8-4914-858B-559E12D83B50}.Debug|iPhone.Build.0 = Debug|iPhone
		{FC86C300-95B8-4914-858B-559E12D83B50}.Debug|iPhoneSimulator.ActiveCfg = Debug|iPhoneSimulator
		{FC86C300-95B8-4914-858B-559E12D83B50}.Debug|iPhoneSimulator.Build.0 = Debug|iPhoneSimulator
		{FC86C300-95B8-4914-858B-559E12D83B50}.Debug|x64.ActiveCfg = Debug|iPhone
		{FC86C300-95B8-4914-858B-559E12D83B50}.Debug|x86.ActiveCfg = Debug|iPhone
		{FC86C300-95B8-4914-858B-559E12D83B50}.Release|Any CPU.ActiveCfg = Release|iPhone
		{FC86C300-95B8-4914-858B-559E12D83B50}.Release|ARM.ActiveCfg = Release|iPhone
		{FC86C300-95B8-4914-858B-559E12D83B50}.Release|iPhone.ActiveCfg = Release|iPhone
		{FC86C300-95B8-4914-858B-559E12D83B50}.Release|iPhone.Build.0 = Release|iPhone
		{FC86C300-95B8-4914-858B-559E12D83B50}.Release|iPhoneSimulator.ActiveCfg = Release|iPhoneSimulator
		{FC86C300-95B8-4914-858B-559E12D83B50}.Release|iPhoneSimulator.Build.0 = Release|iPhoneSimulator
		{FC86C300-95B8-4914-858B-559E12D83B50}.Release|x64.ActiveCfg = Release|iPhone
		{FC86C300-95B8-4914-858B-559E12D83B50}.Release|x86.ActiveCfg = Release|iPhone
	EndGlobalSection
	GlobalSection(SolutionProperties) = preSolution
		HideSolutionNode = FALSE
	EndGlobalSection
EndGlobal
